// !$*UTF8*$!
{
	archiveVersion = 1;
	classes = {
	};
	objectVersion = 54;
	objects = {

/* Begin PBXBuildFile section */
		BC1B9519222D8F200040E34B /* SeguePerformerType.swift in Sources */ = {isa = PBXBuildFile; fileRef = BC1B9518222D8F200040E34B /* SeguePerformerType.swift */; };
		BC239655208F5A74006275D7 /* FeedSourceStorageImpl.swift in Sources */ = {isa = PBXBuildFile; fileRef = BC239654208F5A74006275D7 /* FeedSourceStorageImpl.swift */; };
		BC239658208F5BD3006275D7 /* Feed.swift in Sources */ = {isa = PBXBuildFile; fileRef = BC239657208F5BD3006275D7 /* Feed.swift */; };
		BC23965A208F5BDD006275D7 /* FeedItem.swift in Sources */ = {isa = PBXBuildFile; fileRef = BC239659208F5BDD006275D7 /* FeedItem.swift */; };
		BC4BC00D2100B1EB0063211B /* String+WithoutHTMLTags.swift in Sources */ = {isa = PBXBuildFile; fileRef = BC4BC00C2100B1EA0063211B /* String+WithoutHTMLTags.swift */; };
		BC4BC0102100BA990063211B /* UIViewController+showAlert.swift in Sources */ = {isa = PBXBuildFile; fileRef = BC4BC00F2100BA990063211B /* UIViewController+showAlert.swift */; };
		BC534F36210EF87600F9C407 /* FeedSourceStorageTests.swift in Sources */ = {isa = PBXBuildFile; fileRef = BC534F35210EF87600F9C407 /* FeedSourceStorageTests.swift */; };
		BC534F3A210F0FB400F9C407 /* URLFeedParserTests.swift in Sources */ = {isa = PBXBuildFile; fileRef = BC534F39210F0FB400F9C407 /* URLFeedParserTests.swift */; };
		BC534F3C21100B1B00F9C407 /* UserDefaults+StorageTests.swift in Sources */ = {isa = PBXBuildFile; fileRef = BC534F3B21100B1B00F9C407 /* UserDefaults+StorageTests.swift */; };
		BC534F3E21100DC300F9C407 /* UserDefaultsMock.swift in Sources */ = {isa = PBXBuildFile; fileRef = BC534F3D21100DC300F9C407 /* UserDefaultsMock.swift */; };
		BC534F402110117200F9C407 /* StringWithoutHTMLTagsTests.swift in Sources */ = {isa = PBXBuildFile; fileRef = BC534F3F2110117200F9C407 /* StringWithoutHTMLTagsTests.swift */; };
		BC534F4A2110216A00F9C407 /* FeedSourceStorageMock.swift in Sources */ = {isa = PBXBuildFile; fileRef = BC534F492110216A00F9C407 /* FeedSourceStorageMock.swift */; };
		BC534F4C211021B000F9C407 /* FeedServiceMock.swift in Sources */ = {isa = PBXBuildFile; fileRef = BC534F4B211021B000F9C407 /* FeedServiceMock.swift */; };
		BC534F4E211023F400F9C407 /* URLFeedParserMock.swift in Sources */ = {isa = PBXBuildFile; fileRef = BC534F4D211023F400F9C407 /* URLFeedParserMock.swift */; };
		BC534F5A2111EF1E00F9C407 /* UIViewController+hasSegueWithIdentifier.swift in Sources */ = {isa = PBXBuildFile; fileRef = BC534F592111EF1E00F9C407 /* UIViewController+hasSegueWithIdentifier.swift */; };
		BC534F612127833E00F9C407 /* UITableView+ReusableView.swift in Sources */ = {isa = PBXBuildFile; fileRef = BC534F602127833E00F9C407 /* UITableView+ReusableView.swift */; };
		BC534F68212E5D9900F9C407 /* CALayer+roundCorners.swift in Sources */ = {isa = PBXBuildFile; fileRef = BC534F67212E5D9900F9C407 /* CALayer+roundCorners.swift */; };
		BC534F8B212FB5D100F9C407 /* StoryboardInitializable.swift in Sources */ = {isa = PBXBuildFile; fileRef = BC534F8A212FB5D100F9C407 /* StoryboardInitializable.swift */; };
		BC5D040520F4E06000075D2E /* SourceListViewController.swift in Sources */ = {isa = PBXBuildFile; fileRef = BC5D040420F4E06000075D2E /* SourceListViewController.swift */; };
		BC5D040720F4E09900075D2E /* FeedItemDetailsViewController.swift in Sources */ = {isa = PBXBuildFile; fileRef = BC5D040620F4E09900075D2E /* FeedItemDetailsViewController.swift */; };
		BC676A5820261938009C527D /* AppDelegate.swift in Sources */ = {isa = PBXBuildFile; fileRef = BC676A5720261938009C527D /* AppDelegate.swift */; };
		BC676A5D20261938009C527D /* Main.storyboard in Resources */ = {isa = PBXBuildFile; fileRef = BC676A5B20261938009C527D /* Main.storyboard */; };
		BC676A6220261938009C527D /* Assets.xcassets in Resources */ = {isa = PBXBuildFile; fileRef = BC676A6120261938009C527D /* Assets.xcassets */; };
		BC676A6520261938009C527D /* LaunchScreen.storyboard in Resources */ = {isa = PBXBuildFile; fileRef = BC676A6320261938009C527D /* LaunchScreen.storyboard */; };
		BC7B68FA20FC996B0047D5AE /* FeedSource.swift in Sources */ = {isa = PBXBuildFile; fileRef = BC7B68F920FC996B0047D5AE /* FeedSource.swift */; };
		BC7B68FD20FC9DD00047D5AE /* WebPageViewController.swift in Sources */ = {isa = PBXBuildFile; fileRef = BC7B68FC20FC9DD00047D5AE /* WebPageViewController.swift */; };
		BC7B68FF20FCB7BD0047D5AE /* UserDefaults+Storage.swift in Sources */ = {isa = PBXBuildFile; fileRef = BC7B68FE20FCB7BD0047D5AE /* UserDefaults+Storage.swift */; };
		BC7B690220FDD5260047D5AE /* AddSourceViewController.swift in Sources */ = {isa = PBXBuildFile; fileRef = BC7B690120FDD5260047D5AE /* AddSourceViewController.swift */; };
		BC84580C28A55D9500FAA033 /* R.generated.swift in Sources */ = {isa = PBXBuildFile; fileRef = BC84580B28A55D9500FAA033 /* R.generated.swift */; };
		BC84580E28A55F7D00FAA033 /* Kingfisher in Frameworks */ = {isa = PBXBuildFile; productRef = BC84580D28A55F7D00FAA033 /* Kingfisher */; };
		BC84581028A55F8100FAA033 /* FeedKit in Frameworks */ = {isa = PBXBuildFile; productRef = BC84580F28A55F8100FAA033 /* FeedKit */; };
		BC84581228A55F8500FAA033 /* Rswift in Frameworks */ = {isa = PBXBuildFile; productRef = BC84581128A55F8500FAA033 /* Rswift */; };
		BC8EC21C20F4D246008560F9 /* FeedListTableViewCell.swift in Sources */ = {isa = PBXBuildFile; fileRef = BC8EC21B20F4D246008560F9 /* FeedListTableViewCell.swift */; };
		BCB21B45208E0C4200FD865D /* FeedService.swift in Sources */ = {isa = PBXBuildFile; fileRef = BCB21B44208E0C4200FD865D /* FeedService.swift */; };
		BCB21B47208F504000FD865D /* FeedSourceStorage.swift in Sources */ = {isa = PBXBuildFile; fileRef = BCB21B46208F504000FD865D /* FeedSourceStorage.swift */; };
		BCB21B49208F50B600FD865D /* FeedServiceImpl.swift in Sources */ = {isa = PBXBuildFile; fileRef = BCB21B48208F50B600FD865D /* FeedServiceImpl.swift */; };
		BCD6852A210AC8C200B404AD /* FeedItemTests.swift in Sources */ = {isa = PBXBuildFile; fileRef = BCD68529210AC8C200B404AD /* FeedItemTests.swift */; };
		BCD6852C210AE02E00B404AD /* FeedServiceTests.swift in Sources */ = {isa = PBXBuildFile; fileRef = BCD6852B210AE02E00B404AD /* FeedServiceTests.swift */; };
		BCD6852E210B07B600B404AD /* URLFeedParser.swift in Sources */ = {isa = PBXBuildFile; fileRef = BCD6852D210B07B600B404AD /* URLFeedParser.swift */; };
		BCD68532210B1ED400B404AD /* URLFeedParserImpl.swift in Sources */ = {isa = PBXBuildFile; fileRef = BCD68531210B1ED400B404AD /* URLFeedParserImpl.swift */; };
		BCE5A58620EF75BF00CAE9F0 /* FeedListViewController.swift in Sources */ = {isa = PBXBuildFile; fileRef = BCE5A58520EF75BF00CAE9F0 /* FeedListViewController.swift */; };
/* End PBXBuildFile section */

/* Begin PBXContainerItemProxy section */
		BCD68520210ABFA300B404AD /* PBXContainerItemProxy */ = {
			isa = PBXContainerItemProxy;
			containerPortal = BC676A4C20261938009C527D /* Project object */;
			proxyType = 1;
			remoteGlobalIDString = BC676A5320261938009C527D;
			remoteInfo = RSSReaderSwift;
		};
/* End PBXContainerItemProxy section */

/* Begin PBXFileReference section */
		BC1B9518222D8F200040E34B /* SeguePerformerType.swift */ = {isa = PBXFileReference; lastKnownFileType = sourcecode.swift; path = SeguePerformerType.swift; sourceTree = "<group>"; };
		BC239654208F5A74006275D7 /* FeedSourceStorageImpl.swift */ = {isa = PBXFileReference; lastKnownFileType = sourcecode.swift; path = FeedSourceStorageImpl.swift; sourceTree = "<group>"; };
		BC239657208F5BD3006275D7 /* Feed.swift */ = {isa = PBXFileReference; lastKnownFileType = sourcecode.swift; path = Feed.swift; sourceTree = "<group>"; };
		BC239659208F5BDD006275D7 /* FeedItem.swift */ = {isa = PBXFileReference; lastKnownFileType = sourcecode.swift; path = FeedItem.swift; sourceTree = "<group>"; };
		BC4BC00C2100B1EA0063211B /* String+WithoutHTMLTags.swift */ = {isa = PBXFileReference; lastKnownFileType = sourcecode.swift; path = "String+WithoutHTMLTags.swift"; sourceTree = "<group>"; };
		BC4BC00F2100BA990063211B /* UIViewController+showAlert.swift */ = {isa = PBXFileReference; lastKnownFileType = sourcecode.swift; path = "UIViewController+showAlert.swift"; sourceTree = "<group>"; };
		BC534F35210EF87600F9C407 /* FeedSourceStorageTests.swift */ = {isa = PBXFileReference; lastKnownFileType = sourcecode.swift; path = FeedSourceStorageTests.swift; sourceTree = "<group>"; };
		BC534F39210F0FB400F9C407 /* URLFeedParserTests.swift */ = {isa = PBXFileReference; lastKnownFileType = sourcecode.swift; path = URLFeedParserTests.swift; sourceTree = "<group>"; };
		BC534F3B21100B1B00F9C407 /* UserDefaults+StorageTests.swift */ = {isa = PBXFileReference; lastKnownFileType = sourcecode.swift; path = "UserDefaults+StorageTests.swift"; sourceTree = "<group>"; };
		BC534F3D21100DC300F9C407 /* UserDefaultsMock.swift */ = {isa = PBXFileReference; lastKnownFileType = sourcecode.swift; path = UserDefaultsMock.swift; sourceTree = "<group>"; };
		BC534F3F2110117200F9C407 /* StringWithoutHTMLTagsTests.swift */ = {isa = PBXFileReference; lastKnownFileType = sourcecode.swift; path = StringWithoutHTMLTagsTests.swift; sourceTree = "<group>"; };
		BC534F492110216A00F9C407 /* FeedSourceStorageMock.swift */ = {isa = PBXFileReference; lastKnownFileType = sourcecode.swift; path = FeedSourceStorageMock.swift; sourceTree = "<group>"; };
		BC534F4B211021B000F9C407 /* FeedServiceMock.swift */ = {isa = PBXFileReference; lastKnownFileType = sourcecode.swift; path = FeedServiceMock.swift; sourceTree = "<group>"; };
		BC534F4D211023F400F9C407 /* URLFeedParserMock.swift */ = {isa = PBXFileReference; lastKnownFileType = sourcecode.swift; path = URLFeedParserMock.swift; sourceTree = "<group>"; };
		BC534F592111EF1E00F9C407 /* UIViewController+hasSegueWithIdentifier.swift */ = {isa = PBXFileReference; lastKnownFileType = sourcecode.swift; path = "UIViewController+hasSegueWithIdentifier.swift"; sourceTree = "<group>"; };
		BC534F602127833E00F9C407 /* UITableView+ReusableView.swift */ = {isa = PBXFileReference; lastKnownFileType = sourcecode.swift; path = "UITableView+ReusableView.swift"; sourceTree = "<group>"; };
		BC534F67212E5D9900F9C407 /* CALayer+roundCorners.swift */ = {isa = PBXFileReference; lastKnownFileType = sourcecode.swift; path = "CALayer+roundCorners.swift"; sourceTree = "<group>"; };
		BC534F8A212FB5D100F9C407 /* StoryboardInitializable.swift */ = {isa = PBXFileReference; lastKnownFileType = sourcecode.swift; path = StoryboardInitializable.swift; sourceTree = "<group>"; };
		BC5D040420F4E06000075D2E /* SourceListViewController.swift */ = {isa = PBXFileReference; indentWidth = 5; lastKnownFileType = sourcecode.swift; path = SourceListViewController.swift; sourceTree = "<group>"; };
		BC5D040620F4E09900075D2E /* FeedItemDetailsViewController.swift */ = {isa = PBXFileReference; lastKnownFileType = sourcecode.swift; path = FeedItemDetailsViewController.swift; sourceTree = "<group>"; };
		BC676A5420261938009C527D /* RSSReaderSwift.app */ = {isa = PBXFileReference; explicitFileType = wrapper.application; includeInIndex = 0; path = RSSReaderSwift.app; sourceTree = BUILT_PRODUCTS_DIR; };
		BC676A5720261938009C527D /* AppDelegate.swift */ = {isa = PBXFileReference; lastKnownFileType = sourcecode.swift; path = AppDelegate.swift; sourceTree = "<group>"; };
		BC676A5C20261938009C527D /* Base */ = {isa = PBXFileReference; lastKnownFileType = file.storyboard; name = Base; path = Base.lproj/Main.storyboard; sourceTree = "<group>"; };
		BC676A6120261938009C527D /* Assets.xcassets */ = {isa = PBXFileReference; lastKnownFileType = folder.assetcatalog; path = Assets.xcassets; sourceTree = "<group>"; };
		BC676A6420261938009C527D /* Base */ = {isa = PBXFileReference; lastKnownFileType = file.storyboard; name = Base; path = Base.lproj/LaunchScreen.storyboard; sourceTree = "<group>"; };
		BC676A6620261938009C527D /* Info.plist */ = {isa = PBXFileReference; lastKnownFileType = text.plist.xml; path = Info.plist; sourceTree = "<group>"; };
		BC7B68F920FC996B0047D5AE /* FeedSource.swift */ = {isa = PBXFileReference; lastKnownFileType = sourcecode.swift; path = FeedSource.swift; sourceTree = "<group>"; };
		BC7B68FC20FC9DD00047D5AE /* WebPageViewController.swift */ = {isa = PBXFileReference; lastKnownFileType = sourcecode.swift; path = WebPageViewController.swift; sourceTree = "<group>"; };
		BC7B68FE20FCB7BD0047D5AE /* UserDefaults+Storage.swift */ = {isa = PBXFileReference; lastKnownFileType = sourcecode.swift; path = "UserDefaults+Storage.swift"; sourceTree = "<group>"; };
		BC7B690120FDD5260047D5AE /* AddSourceViewController.swift */ = {isa = PBXFileReference; lastKnownFileType = sourcecode.swift; path = AddSourceViewController.swift; sourceTree = "<group>"; };
		BC84580B28A55D9500FAA033 /* R.generated.swift */ = {isa = PBXFileReference; fileEncoding = 4; lastKnownFileType = sourcecode.swift; path = R.generated.swift; sourceTree = SOURCE_ROOT; };
		BC8EC21B20F4D246008560F9 /* FeedListTableViewCell.swift */ = {isa = PBXFileReference; lastKnownFileType = sourcecode.swift; path = FeedListTableViewCell.swift; sourceTree = "<group>"; };
		BCA5A75A2085BC0900F1703D /* FeedKit.framework */ = {isa = PBXFileReference; lastKnownFileType = wrapper.framework; name = FeedKit.framework; path = Carthage/Build/iOS/FeedKit.framework; sourceTree = "<group>"; };
		BCA5A75B2085BC0900F1703D /* Kingfisher.framework */ = {isa = PBXFileReference; lastKnownFileType = wrapper.framework; name = Kingfisher.framework; path = Carthage/Build/iOS/Kingfisher.framework; sourceTree = "<group>"; };
		BCB21B44208E0C4200FD865D /* FeedService.swift */ = {isa = PBXFileReference; fileEncoding = 4; lastKnownFileType = sourcecode.swift; path = FeedService.swift; sourceTree = "<group>"; };
		BCB21B46208F504000FD865D /* FeedSourceStorage.swift */ = {isa = PBXFileReference; lastKnownFileType = sourcecode.swift; path = FeedSourceStorage.swift; sourceTree = "<group>"; };
		BCB21B48208F50B600FD865D /* FeedServiceImpl.swift */ = {isa = PBXFileReference; lastKnownFileType = sourcecode.swift; path = FeedServiceImpl.swift; sourceTree = "<group>"; };
		BCD6851B210ABFA200B404AD /* RSSReaderSwiftTests.xctest */ = {isa = PBXFileReference; explicitFileType = wrapper.cfbundle; includeInIndex = 0; path = RSSReaderSwiftTests.xctest; sourceTree = BUILT_PRODUCTS_DIR; };
		BCD6851F210ABFA300B404AD /* Info.plist */ = {isa = PBXFileReference; lastKnownFileType = text.plist.xml; path = Info.plist; sourceTree = "<group>"; };
		BCD68529210AC8C200B404AD /* FeedItemTests.swift */ = {isa = PBXFileReference; lastKnownFileType = sourcecode.swift; path = FeedItemTests.swift; sourceTree = "<group>"; };
		BCD6852B210AE02E00B404AD /* FeedServiceTests.swift */ = {isa = PBXFileReference; lastKnownFileType = sourcecode.swift; path = FeedServiceTests.swift; sourceTree = "<group>"; };
		BCD6852D210B07B600B404AD /* URLFeedParser.swift */ = {isa = PBXFileReference; lastKnownFileType = sourcecode.swift; path = URLFeedParser.swift; sourceTree = "<group>"; };
		BCD68531210B1ED400B404AD /* URLFeedParserImpl.swift */ = {isa = PBXFileReference; lastKnownFileType = sourcecode.swift; path = URLFeedParserImpl.swift; sourceTree = "<group>"; };
		BCE5A58520EF75BF00CAE9F0 /* FeedListViewController.swift */ = {isa = PBXFileReference; lastKnownFileType = sourcecode.swift; path = FeedListViewController.swift; sourceTree = "<group>"; };
/* End PBXFileReference section */

/* Begin PBXFrameworksBuildPhase section */
		BC676A5120261938009C527D /* Frameworks */ = {
			isa = PBXFrameworksBuildPhase;
			buildActionMask = 2147483647;
			files = (
				BC84581228A55F8500FAA033 /* Rswift in Frameworks */,
				BC84580E28A55F7D00FAA033 /* Kingfisher in Frameworks */,
				BC84581028A55F8100FAA033 /* FeedKit in Frameworks */,
			);
			runOnlyForDeploymentPostprocessing = 0;
		};
		BCD68518210ABFA200B404AD /* Frameworks */ = {
			isa = PBXFrameworksBuildPhase;
			buildActionMask = 2147483647;
			files = (
			);
			runOnlyForDeploymentPostprocessing = 0;
		};
/* End PBXFrameworksBuildPhase section */

/* Begin PBXGroup section */
		BC239656208F5BBA006275D7 /* Models */ = {
			isa = PBXGroup;
			children = (
				BC239657208F5BD3006275D7 /* Feed.swift */,
				BC239659208F5BDD006275D7 /* FeedItem.swift */,
				BC7B68F920FC996B0047D5AE /* FeedSource.swift */,
			);
			path = Models;
			sourceTree = "<group>";
		};
		BC4BC00E2100BA510063211B /* Extensions */ = {
			isa = PBXGroup;
			children = (
				BC534F67212E5D9900F9C407 /* CALayer+roundCorners.swift */,
				BC1B9518222D8F200040E34B /* SeguePerformerType.swift */,
				BC534F8A212FB5D100F9C407 /* StoryboardInitializable.swift */,
				BC534F602127833E00F9C407 /* UITableView+ReusableView.swift */,
				BC534F592111EF1E00F9C407 /* UIViewController+hasSegueWithIdentifier.swift */,
				BC4BC00F2100BA990063211B /* UIViewController+showAlert.swift */,
			);
			path = Extensions;
			sourceTree = "<group>";
		};
		BC534F482110215300F9C407 /* Mocks */ = {
			isa = PBXGroup;
			children = (
				BC534F4B211021B000F9C407 /* FeedServiceMock.swift */,
				BC534F492110216A00F9C407 /* FeedSourceStorageMock.swift */,
				BC534F4D211023F400F9C407 /* URLFeedParserMock.swift */,
			);
			path = Mocks;
			sourceTree = "<group>";
		};
		BC534F5F212782F100F9C407 /* App */ = {
			isa = PBXGroup;
			children = (
				BC676A5720261938009C527D /* AppDelegate.swift */,
			);
			path = App;
			sourceTree = "<group>";
		};
		BC5D040220F4E03200075D2E /* SourceList */ = {
			isa = PBXGroup;
			children = (
				BC5D040420F4E06000075D2E /* SourceListViewController.swift */,
			);
			path = SourceList;
			sourceTree = "<group>";
		};
		BC5D040320F4E03A00075D2E /* FeedItemDetails */ = {
			isa = PBXGroup;
			children = (
				BC5D040620F4E09900075D2E /* FeedItemDetailsViewController.swift */,
			);
			path = FeedItemDetails;
			sourceTree = "<group>";
		};
		BC676A4B20261938009C527D = {
			isa = PBXGroup;
			children = (
				BC676A5620261938009C527D /* RSSReaderSwift */,
				BCD6851C210ABFA300B404AD /* RSSReaderSwiftTests */,
				BC676A5520261938009C527D /* Products */,
				BCA5A7592085BC0800F1703D /* Frameworks */,
			);
			sourceTree = "<group>";
		};
		BC676A5520261938009C527D /* Products */ = {
			isa = PBXGroup;
			children = (
				BC676A5420261938009C527D /* RSSReaderSwift.app */,
				BCD6851B210ABFA200B404AD /* RSSReaderSwiftTests.xctest */,
			);
			name = Products;
			sourceTree = "<group>";
		};
		BC676A5620261938009C527D /* RSSReaderSwift */ = {
			isa = PBXGroup;
			children = (
				BC534F5F212782F100F9C407 /* App */,
				BC8EC21620EF7DEA008560F9 /* Extensions */,
				BC239656208F5BBA006275D7 /* Models */,
				BC676A8820308972009C527D /* PresentationLayer */,
				BC676A8C203089DE009C527D /* Resources */,
				BCB21B43208E0B5B00FD865D /* Services */,
			);
			path = RSSReaderSwift;
			sourceTree = "<group>";
		};
		BC676A8820308972009C527D /* PresentationLayer */ = {
			isa = PBXGroup;
			children = (
				BC4BC00E2100BA510063211B /* Extensions */,
				BCE5A58320EF755A00CAE9F0 /* Modules */,
				BC84581328A7C8B100FAA033 /* Storyboards */,
			);
			path = PresentationLayer;
			sourceTree = "<group>";
		};
		BC676A8C203089DE009C527D /* Resources */ = {
			isa = PBXGroup;
			children = (
				BC84580B28A55D9500FAA033 /* R.generated.swift */,
				BC676A6120261938009C527D /* Assets.xcassets */,
				BC676A6620261938009C527D /* Info.plist */,
			);
			path = Resources;
			sourceTree = "<group>";
		};
		BC7B68FB20FC9D840047D5AE /* WebPage */ = {
			isa = PBXGroup;
			children = (
				BC7B68FC20FC9DD00047D5AE /* WebPageViewController.swift */,
			);
			path = WebPage;
			sourceTree = "<group>";
		};
		BC7B690020FDD50C0047D5AE /* AddSource */ = {
			isa = PBXGroup;
			children = (
				BC7B690120FDD5260047D5AE /* AddSourceViewController.swift */,
			);
			path = AddSource;
			sourceTree = "<group>";
		};
		BC84581328A7C8B100FAA033 /* Storyboards */ = {
			isa = PBXGroup;
			children = (
				BC676A6320261938009C527D /* LaunchScreen.storyboard */,
				BC676A5B20261938009C527D /* Main.storyboard */,
			);
			path = Storyboards;
			sourceTree = "<group>";
		};
		BC8EC21620EF7DEA008560F9 /* Extensions */ = {
			isa = PBXGroup;
			children = (
				BC7B68FE20FCB7BD0047D5AE /* UserDefaults+Storage.swift */,
				BC4BC00C2100B1EA0063211B /* String+WithoutHTMLTags.swift */,
			);
			path = Extensions;
			sourceTree = "<group>";
		};
		BCA5A7592085BC0800F1703D /* Frameworks */ = {
			isa = PBXGroup;
			children = (
				BCA5A75A2085BC0900F1703D /* FeedKit.framework */,
				BCA5A75B2085BC0900F1703D /* Kingfisher.framework */,
			);
			name = Frameworks;
			sourceTree = "<group>";
		};
		BCB21B43208E0B5B00FD865D /* Services */ = {
			isa = PBXGroup;
			children = (
				BCB21B44208E0C4200FD865D /* FeedService.swift */,
				BCB21B48208F50B600FD865D /* FeedServiceImpl.swift */,
				BCB21B46208F504000FD865D /* FeedSourceStorage.swift */,
				BC239654208F5A74006275D7 /* FeedSourceStorageImpl.swift */,
				BCD6852D210B07B600B404AD /* URLFeedParser.swift */,
				BCD68531210B1ED400B404AD /* URLFeedParserImpl.swift */,
			);
			path = Services;
			sourceTree = "<group>";
		};
		BCD6851C210ABFA300B404AD /* RSSReaderSwiftTests */ = {
			isa = PBXGroup;
			children = (
				BCD68527210AC83500B404AD /* ExtensionsTests */,
				BCD68525210AC80E00B404AD /* ModelsTests */,
				BCD68528210AC83E00B404AD /* ServicesTests */,
				BCD6851F210ABFA300B404AD /* Info.plist */,
			);
			path = RSSReaderSwiftTests;
			sourceTree = "<group>";
		};
		BCD68525210AC80E00B404AD /* ModelsTests */ = {
			isa = PBXGroup;
			children = (
				BCD68529210AC8C200B404AD /* FeedItemTests.swift */,
			);
			path = ModelsTests;
			sourceTree = "<group>";
		};
		BCD68527210AC83500B404AD /* ExtensionsTests */ = {
			isa = PBXGroup;
			children = (
				BC534F3F2110117200F9C407 /* StringWithoutHTMLTagsTests.swift */,
				BC534F3B21100B1B00F9C407 /* UserDefaults+StorageTests.swift */,
				BC534F3D21100DC300F9C407 /* UserDefaultsMock.swift */,
			);
			path = ExtensionsTests;
			sourceTree = "<group>";
		};
		BCD68528210AC83E00B404AD /* ServicesTests */ = {
			isa = PBXGroup;
			children = (
				BC534F482110215300F9C407 /* Mocks */,
				BC534F35210EF87600F9C407 /* FeedSourceStorageTests.swift */,
				BCD6852B210AE02E00B404AD /* FeedServiceTests.swift */,
				BC534F39210F0FB400F9C407 /* URLFeedParserTests.swift */,
			);
			path = ServicesTests;
			sourceTree = "<group>";
		};
		BCE5A58320EF755A00CAE9F0 /* Modules */ = {
			isa = PBXGroup;
			children = (
				BC7B690020FDD50C0047D5AE /* AddSource */,
				BCE5A58420EF758800CAE9F0 /* FeedList */,
				BC5D040320F4E03A00075D2E /* FeedItemDetails */,
				BC5D040220F4E03200075D2E /* SourceList */,
				BC7B68FB20FC9D840047D5AE /* WebPage */,
			);
			path = Modules;
			sourceTree = "<group>";
		};
		BCE5A58420EF758800CAE9F0 /* FeedList */ = {
			isa = PBXGroup;
			children = (
				BCE5A58520EF75BF00CAE9F0 /* FeedListViewController.swift */,
				BC8EC21B20F4D246008560F9 /* FeedListTableViewCell.swift */,
			);
			path = FeedList;
			sourceTree = "<group>";
		};
/* End PBXGroup section */

/* Begin PBXNativeTarget section */
		BC676A5320261938009C527D /* RSSReaderSwift */ = {
			isa = PBXNativeTarget;
			buildConfigurationList = BC676A7F20261938009C527D /* Build configuration list for PBXNativeTarget "RSSReaderSwift" */;
			buildPhases = (
				BC1B9505221DA3A90040E34B /* ShellScript */,
				BC676A5020261938009C527D /* Sources */,
				BC676A5120261938009C527D /* Frameworks */,
				BC676A5220261938009C527D /* Resources */,
			);
			buildRules = (
			);
			dependencies = (
			);
			name = RSSReaderSwift;
			packageProductDependencies = (
				BC84580D28A55F7D00FAA033 /* Kingfisher */,
				BC84580F28A55F8100FAA033 /* FeedKit */,
				BC84581128A55F8500FAA033 /* Rswift */,
			);
			productName = RSSReaderSwift;
			productReference = BC676A5420261938009C527D /* RSSReaderSwift.app */;
			productType = "com.apple.product-type.application";
		};
		BCD6851A210ABFA200B404AD /* RSSReaderSwiftTests */ = {
			isa = PBXNativeTarget;
			buildConfigurationList = BCD68524210ABFA300B404AD /* Build configuration list for PBXNativeTarget "RSSReaderSwiftTests" */;
			buildPhases = (
				BCD68517210ABFA200B404AD /* Sources */,
				BCD68518210ABFA200B404AD /* Frameworks */,
				BCD68519210ABFA200B404AD /* Resources */,
			);
			buildRules = (
			);
			dependencies = (
				BCD68521210ABFA300B404AD /* PBXTargetDependency */,
			);
			name = RSSReaderSwiftTests;
			productName = RSSReaderSwiftTests;
			productReference = BCD6851B210ABFA200B404AD /* RSSReaderSwiftTests.xctest */;
			productType = "com.apple.product-type.bundle.unit-test";
		};
/* End PBXNativeTarget section */

/* Begin PBXProject section */
		BC676A4C20261938009C527D /* Project object */ = {
			isa = PBXProject;
			attributes = {
				LastSwiftUpdateCheck = 0940;
				LastUpgradeCheck = 1340;
				ORGANIZATIONNAME = vbat;
				TargetAttributes = {
					BC676A5320261938009C527D = {
						CreatedOnToolsVersion = 9.2;
						LastSwiftMigration = 1010;
						ProvisioningStyle = Automatic;
					};
					BCD6851A210ABFA200B404AD = {
						CreatedOnToolsVersion = 9.4.1;
						LastSwiftMigration = 1010;
						ProvisioningStyle = Automatic;
						TestTargetID = BC676A5320261938009C527D;
					};
				};
			};
			buildConfigurationList = BC676A4F20261938009C527D /* Build configuration list for PBXProject "RSSReaderSwift" */;
			compatibilityVersion = "Xcode 8.0";
			developmentRegion = en;
			hasScannedForEncodings = 0;
			knownRegions = (
				en,
				Base,
			);
			mainGroup = BC676A4B20261938009C527D;
			packageReferences = (
				BC8457FF28A55A9200FAA033 /* XCRemoteSwiftPackageReference "Kingfisher" */,
				BC84580228A55ABB00FAA033 /* XCRemoteSwiftPackageReference "FeedKit" */,
				BC84580828A55C2700FAA033 /* XCRemoteSwiftPackageReference "R.swift" */,
			);
			productRefGroup = BC676A5520261938009C527D /* Products */;
			projectDirPath = "";
			projectRoot = "";
			targets = (
				BC676A5320261938009C527D /* RSSReaderSwift */,
				BCD6851A210ABFA200B404AD /* RSSReaderSwiftTests */,
			);
		};
/* End PBXProject section */

/* Begin PBXResourcesBuildPhase section */
		BC676A5220261938009C527D /* Resources */ = {
			isa = PBXResourcesBuildPhase;
			buildActionMask = 2147483647;
			files = (
				BC676A6520261938009C527D /* LaunchScreen.storyboard in Resources */,
				BC676A6220261938009C527D /* Assets.xcassets in Resources */,
				BC676A5D20261938009C527D /* Main.storyboard in Resources */,
			);
			runOnlyForDeploymentPostprocessing = 0;
		};
		BCD68519210ABFA200B404AD /* Resources */ = {
			isa = PBXResourcesBuildPhase;
			buildActionMask = 2147483647;
			files = (
			);
			runOnlyForDeploymentPostprocessing = 0;
		};
/* End PBXResourcesBuildPhase section */

/* Begin PBXShellScriptBuildPhase section */
		BC1B9505221DA3A90040E34B /* ShellScript */ = {
			isa = PBXShellScriptBuildPhase;
			alwaysOutOfDate = 1;
			buildActionMask = 2147483647;
			files = (
			);
			inputFileListPaths = (
			);
			inputPaths = (
				"$TEMP_DIR/rswift-lastrun",
			);
			outputFileListPaths = (
			);
			outputPaths = (
				$SRCROOT/R.generated.swift,
			);
			runOnlyForDeploymentPostprocessing = 0;
			shellPath = /bin/sh;
			shellScript = "# Type a script or drag a script file from your workspace to insert its path.\n\"$SRCROOT/rswift\" generate \"$SRCROOT/R.generated.swift\"\n";
		};
/* End PBXShellScriptBuildPhase section */

/* Begin PBXSourcesBuildPhase section */
		BC676A5020261938009C527D /* Sources */ = {
			isa = PBXSourcesBuildPhase;
			buildActionMask = 2147483647;
			files = (
				BC534F8B212FB5D100F9C407 /* StoryboardInitializable.swift in Sources */,
				BC1B9519222D8F200040E34B /* SeguePerformerType.swift in Sources */,
				BCE5A58620EF75BF00CAE9F0 /* FeedListViewController.swift in Sources */,
				BC7B690220FDD5260047D5AE /* AddSourceViewController.swift in Sources */,
				BC239655208F5A74006275D7 /* FeedSourceStorageImpl.swift in Sources */,
				BCB21B49208F50B600FD865D /* FeedServiceImpl.swift in Sources */,
				BC534F5A2111EF1E00F9C407 /* UIViewController+hasSegueWithIdentifier.swift in Sources */,
				BC4BC00D2100B1EB0063211B /* String+WithoutHTMLTags.swift in Sources */,
				BC239658208F5BD3006275D7 /* Feed.swift in Sources */,
				BC7B68FA20FC996B0047D5AE /* FeedSource.swift in Sources */,
				BCD68532210B1ED400B404AD /* URLFeedParserImpl.swift in Sources */,
				BCD6852E210B07B600B404AD /* URLFeedParser.swift in Sources */,
				BC5D040520F4E06000075D2E /* SourceListViewController.swift in Sources */,
				BC7B68FD20FC9DD00047D5AE /* WebPageViewController.swift in Sources */,
				BC5D040720F4E09900075D2E /* FeedItemDetailsViewController.swift in Sources */,
				BC23965A208F5BDD006275D7 /* FeedItem.swift in Sources */,
				BC534F612127833E00F9C407 /* UITableView+ReusableView.swift in Sources */,
				BC4BC0102100BA990063211B /* UIViewController+showAlert.swift in Sources */,
				BC84580C28A55D9500FAA033 /* R.generated.swift in Sources */,
				BC8EC21C20F4D246008560F9 /* FeedListTableViewCell.swift in Sources */,
				BCB21B47208F504000FD865D /* FeedSourceStorage.swift in Sources */,
				BC676A5820261938009C527D /* AppDelegate.swift in Sources */,
				BC534F68212E5D9900F9C407 /* CALayer+roundCorners.swift in Sources */,
				BC7B68FF20FCB7BD0047D5AE /* UserDefaults+Storage.swift in Sources */,
				BCB21B45208E0C4200FD865D /* FeedService.swift in Sources */,
			);
			runOnlyForDeploymentPostprocessing = 0;
		};
		BCD68517210ABFA200B404AD /* Sources */ = {
			isa = PBXSourcesBuildPhase;
			buildActionMask = 2147483647;
			files = (
				BCD6852A210AC8C200B404AD /* FeedItemTests.swift in Sources */,
				BC534F36210EF87600F9C407 /* FeedSourceStorageTests.swift in Sources */,
				BC534F4C211021B000F9C407 /* FeedServiceMock.swift in Sources */,
				BC534F4E211023F400F9C407 /* URLFeedParserMock.swift in Sources */,
				BC534F402110117200F9C407 /* StringWithoutHTMLTagsTests.swift in Sources */,
				BC534F3C21100B1B00F9C407 /* UserDefaults+StorageTests.swift in Sources */,
				BC534F3E21100DC300F9C407 /* UserDefaultsMock.swift in Sources */,
				BC534F3A210F0FB400F9C407 /* URLFeedParserTests.swift in Sources */,
				BC534F4A2110216A00F9C407 /* FeedSourceStorageMock.swift in Sources */,
				BCD6852C210AE02E00B404AD /* FeedServiceTests.swift in Sources */,
			);
			runOnlyForDeploymentPostprocessing = 0;
		};
/* End PBXSourcesBuildPhase section */

/* Begin PBXTargetDependency section */
		BCD68521210ABFA300B404AD /* PBXTargetDependency */ = {
			isa = PBXTargetDependency;
			target = BC676A5320261938009C527D /* RSSReaderSwift */;
			targetProxy = BCD68520210ABFA300B404AD /* PBXContainerItemProxy */;
		};
/* End PBXTargetDependency section */

/* Begin PBXVariantGroup section */
		BC676A5B20261938009C527D /* Main.storyboard */ = {
			isa = PBXVariantGroup;
			children = (
				BC676A5C20261938009C527D /* Base */,
			);
			name = Main.storyboard;
			sourceTree = "<group>";
		};
		BC676A6320261938009C527D /* LaunchScreen.storyboard */ = {
			isa = PBXVariantGroup;
			children = (
				BC676A6420261938009C527D /* Base */,
			);
			name = LaunchScreen.storyboard;
			sourceTree = "<group>";
		};
/* End PBXVariantGroup section */

/* Begin XCBuildConfiguration section */
		BC676A7D20261938009C527D /* Debug */ = {
			isa = XCBuildConfiguration;
			buildSettings = {
				ALWAYS_SEARCH_USER_PATHS = NO;
				CLANG_ANALYZER_NONNULL = YES;
				CLANG_ANALYZER_NUMBER_OBJECT_CONVERSION = YES_AGGRESSIVE;
				CLANG_CXX_LANGUAGE_STANDARD = "gnu++14";
				CLANG_CXX_LIBRARY = "libc++";
				CLANG_ENABLE_MODULES = YES;
				CLANG_ENABLE_OBJC_ARC = YES;
				CLANG_WARN_BLOCK_CAPTURE_AUTORELEASING = YES;
				CLANG_WARN_BOOL_CONVERSION = YES;
				CLANG_WARN_COMMA = YES;
				CLANG_WARN_CONSTANT_CONVERSION = YES;
				CLANG_WARN_DEPRECATED_OBJC_IMPLEMENTATIONS = YES;
				CLANG_WARN_DIRECT_OBJC_ISA_USAGE = YES_ERROR;
				CLANG_WARN_DOCUMENTATION_COMMENTS = YES;
				CLANG_WARN_EMPTY_BODY = YES;
				CLANG_WARN_ENUM_CONVERSION = YES;
				CLANG_WARN_INFINITE_RECURSION = YES;
				CLANG_WARN_INT_CONVERSION = YES;
				CLANG_WARN_NON_LITERAL_NULL_CONVERSION = YES;
				CLANG_WARN_OBJC_IMPLICIT_RETAIN_SELF = YES;
				CLANG_WARN_OBJC_LITERAL_CONVERSION = YES;
				CLANG_WARN_OBJC_ROOT_CLASS = YES_ERROR;
				CLANG_WARN_QUOTED_INCLUDE_IN_FRAMEWORK_HEADER = YES;
				CLANG_WARN_RANGE_LOOP_ANALYSIS = YES;
				CLANG_WARN_STRICT_PROTOTYPES = YES;
				CLANG_WARN_SUSPICIOUS_MOVE = YES;
				CLANG_WARN_UNGUARDED_AVAILABILITY = YES_AGGRESSIVE;
				CLANG_WARN_UNREACHABLE_CODE = YES;
				CLANG_WARN__DUPLICATE_METHOD_MATCH = YES;
				CODE_SIGN_IDENTITY = "iPhone Developer";
				COPY_PHASE_STRIP = NO;
				DEBUG_INFORMATION_FORMAT = dwarf;
				ENABLE_STRICT_OBJC_MSGSEND = YES;
				ENABLE_TESTABILITY = YES;
				GCC_C_LANGUAGE_STANDARD = gnu11;
				GCC_DYNAMIC_NO_PIC = NO;
				GCC_NO_COMMON_BLOCKS = YES;
				GCC_OPTIMIZATION_LEVEL = 0;
				GCC_PREPROCESSOR_DEFINITIONS = (
					"DEBUG=1",
					"$(inherited)",
				);
				GCC_WARN_64_TO_32_BIT_CONVERSION = YES;
				GCC_WARN_ABOUT_RETURN_TYPE = YES_ERROR;
				GCC_WARN_UNDECLARED_SELECTOR = YES;
				GCC_WARN_UNINITIALIZED_AUTOS = YES_AGGRESSIVE;
				GCC_WARN_UNUSED_FUNCTION = YES;
				GCC_WARN_UNUSED_VARIABLE = YES;
				IPHONEOS_DEPLOYMENT_TARGET = 15.5;
				MTL_ENABLE_DEBUG_INFO = YES;
				ONLY_ACTIVE_ARCH = YES;
				SDKROOT = iphoneos;
				SWIFT_ACTIVE_COMPILATION_CONDITIONS = DEBUG;
				SWIFT_OPTIMIZATION_LEVEL = "-Onone";
			};
			name = Debug;
		};
		BC676A7E20261938009C527D /* Release */ = {
			isa = XCBuildConfiguration;
			buildSettings = {
				ALWAYS_SEARCH_USER_PATHS = NO;
				CLANG_ANALYZER_NONNULL = YES;
				CLANG_ANALYZER_NUMBER_OBJECT_CONVERSION = YES_AGGRESSIVE;
				CLANG_CXX_LANGUAGE_STANDARD = "gnu++14";
				CLANG_CXX_LIBRARY = "libc++";
				CLANG_ENABLE_MODULES = YES;
				CLANG_ENABLE_OBJC_ARC = YES;
				CLANG_WARN_BLOCK_CAPTURE_AUTORELEASING = YES;
				CLANG_WARN_BOOL_CONVERSION = YES;
				CLANG_WARN_COMMA = YES;
				CLANG_WARN_CONSTANT_CONVERSION = YES;
				CLANG_WARN_DEPRECATED_OBJC_IMPLEMENTATIONS = YES;
				CLANG_WARN_DIRECT_OBJC_ISA_USAGE = YES_ERROR;
				CLANG_WARN_DOCUMENTATION_COMMENTS = YES;
				CLANG_WARN_EMPTY_BODY = YES;
				CLANG_WARN_ENUM_CONVERSION = YES;
				CLANG_WARN_INFINITE_RECURSION = YES;
				CLANG_WARN_INT_CONVERSION = YES;
				CLANG_WARN_NON_LITERAL_NULL_CONVERSION = YES;
				CLANG_WARN_OBJC_IMPLICIT_RETAIN_SELF = YES;
				CLANG_WARN_OBJC_LITERAL_CONVERSION = YES;
				CLANG_WARN_OBJC_ROOT_CLASS = YES_ERROR;
				CLANG_WARN_QUOTED_INCLUDE_IN_FRAMEWORK_HEADER = YES;
				CLANG_WARN_RANGE_LOOP_ANALYSIS = YES;
				CLANG_WARN_STRICT_PROTOTYPES = YES;
				CLANG_WARN_SUSPICIOUS_MOVE = YES;
				CLANG_WARN_UNGUARDED_AVAILABILITY = YES_AGGRESSIVE;
				CLANG_WARN_UNREACHABLE_CODE = YES;
				CLANG_WARN__DUPLICATE_METHOD_MATCH = YES;
				CODE_SIGN_IDENTITY = "iPhone Developer";
				COPY_PHASE_STRIP = NO;
				DEBUG_INFORMATION_FORMAT = "dwarf-with-dsym";
				ENABLE_NS_ASSERTIONS = NO;
				ENABLE_STRICT_OBJC_MSGSEND = YES;
				GCC_C_LANGUAGE_STANDARD = gnu11;
				GCC_NO_COMMON_BLOCKS = YES;
				GCC_WARN_64_TO_32_BIT_CONVERSION = YES;
				GCC_WARN_ABOUT_RETURN_TYPE = YES_ERROR;
				GCC_WARN_UNDECLARED_SELECTOR = YES;
				GCC_WARN_UNINITIALIZED_AUTOS = YES_AGGRESSIVE;
				GCC_WARN_UNUSED_FUNCTION = YES;
				GCC_WARN_UNUSED_VARIABLE = YES;
				IPHONEOS_DEPLOYMENT_TARGET = 15.5;
				MTL_ENABLE_DEBUG_INFO = NO;
				SDKROOT = iphoneos;
				SWIFT_COMPILATION_MODE = wholemodule;
				SWIFT_OPTIMIZATION_LEVEL = "-O";
				VALIDATE_PRODUCT = YES;
			};
			name = Release;
		};
		BC676A8020261938009C527D /* Debug */ = {
			isa = XCBuildConfiguration;
			buildSettings = {
				ASSETCATALOG_COMPILER_APPICON_NAME = AppIcon;
				CODE_SIGN_STYLE = Automatic;
				FRAMEWORK_SEARCH_PATHS = (
					"$(inherited)",
					"$(PROJECT_DIR)/Carthage/Build/iOS",
				);
				INFOPLIST_FILE = "$(SRCROOT)/RSSReaderSwift/Resources/Info.plist";
				IPHONEOS_DEPLOYMENT_TARGET = 15.5;
				LD_RUNPATH_SEARCH_PATHS = (
					"$(inherited)",
					"@executable_path/Frameworks",
				);
				PRODUCT_BUNDLE_IDENTIFIER = vbat.RSSReaderSwift;
				PRODUCT_NAME = "$(TARGET_NAME)";
				SWIFT_VERSION = 4.2;
				TARGETED_DEVICE_FAMILY = "1,2";
			};
			name = Debug;
		};
		BC676A8120261938009C527D /* Release */ = {
			isa = XCBuildConfiguration;
			buildSettings = {
				ASSETCATALOG_COMPILER_APPICON_NAME = AppIcon;
				CODE_SIGN_STYLE = Automatic;
				FRAMEWORK_SEARCH_PATHS = (
					"$(inherited)",
					"$(PROJECT_DIR)/Carthage/Build/iOS",
				);
				INFOPLIST_FILE = "$(SRCROOT)/RSSReaderSwift/Resources/Info.plist";
				IPHONEOS_DEPLOYMENT_TARGET = 15.5;
				LD_RUNPATH_SEARCH_PATHS = (
					"$(inherited)",
					"@executable_path/Frameworks",
				);
				PRODUCT_BUNDLE_IDENTIFIER = vbat.RSSReaderSwift;
				PRODUCT_NAME = "$(TARGET_NAME)";
				SWIFT_VERSION = 4.2;
				TARGETED_DEVICE_FAMILY = "1,2";
			};
			name = Release;
		};
		BCD68522210ABFA300B404AD /* Debug */ = {
			isa = XCBuildConfiguration;
			buildSettings = {
				BUNDLE_LOADER = "$(TEST_HOST)";
				CLANG_ENABLE_OBJC_WEAK = YES;
				CODE_SIGN_STYLE = Automatic;
				INFOPLIST_FILE = RSSReaderSwiftTests/Info.plist;
				IPHONEOS_DEPLOYMENT_TARGET = 15.5;
				LD_RUNPATH_SEARCH_PATHS = (
					"$(inherited)",
					"@executable_path/Frameworks",
					"@loader_path/Frameworks",
				);
				PRODUCT_BUNDLE_IDENTIFIER = vbat.RSSReaderSwiftTests;
				PRODUCT_NAME = "$(TARGET_NAME)";
				SWIFT_VERSION = 4.2;
				TARGETED_DEVICE_FAMILY = "1,2";
				TEST_HOST = "$(BUILT_PRODUCTS_DIR)/RSSReaderSwift.app/RSSReaderSwift";
			};
			name = Debug;
		};
		BCD68523210ABFA300B404AD /* Release */ = {
			isa = XCBuildConfiguration;
			buildSettings = {
				BUNDLE_LOADER = "$(TEST_HOST)";
				CLANG_ENABLE_OBJC_WEAK = YES;
				CODE_SIGN_STYLE = Automatic;
				INFOPLIST_FILE = RSSReaderSwiftTests/Info.plist;
				IPHONEOS_DEPLOYMENT_TARGET = 15.5;
				LD_RUNPATH_SEARCH_PATHS = (
					"$(inherited)",
					"@executable_path/Frameworks",
					"@loader_path/Frameworks",
				);
				PRODUCT_BUNDLE_IDENTIFIER = vbat.RSSReaderSwiftTests;
				PRODUCT_NAME = "$(TARGET_NAME)";
				SWIFT_VERSION = 4.2;
				TARGETED_DEVICE_FAMILY = "1,2";
				TEST_HOST = "$(BUILT_PRODUCTS_DIR)/RSSReaderSwift.app/RSSReaderSwift";
			};
			name = Release;
		};
/* End XCBuildConfiguration section */

/* Begin XCConfigurationList section */
		BC676A4F20261938009C527D /* Build configuration list for PBXProject "RSSReaderSwift" */ = {
			isa = XCConfigurationList;
			buildConfigurations = (
				BC676A7D20261938009C527D /* Debug */,
				BC676A7E20261938009C527D /* Release */,
			);
			defaultConfigurationIsVisible = 0;
			defaultConfigurationName = Release;
		};
		BC676A7F20261938009C527D /* Build configuration list for PBXNativeTarget "RSSReaderSwift" */ = {
			isa = XCConfigurationList;
			buildConfigurations = (
				BC676A8020261938009C527D /* Debug */,
				BC676A8120261938009C527D /* Release */,
			);
			defaultConfigurationIsVisible = 0;
			defaultConfigurationName = Release;
		};
		BCD68524210ABFA300B404AD /* Build configuration list for PBXNativeTarget "RSSReaderSwiftTests" */ = {
			isa = XCConfigurationList;
			buildConfigurations = (
				BCD68522210ABFA300B404AD /* Debug */,
				BCD68523210ABFA300B404AD /* Release */,
			);
			defaultConfigurationIsVisible = 0;
			defaultConfigurationName = Release;
		};
/* End XCConfigurationList section */

/* Begin XCRemoteSwiftPackageReference section */
		BC8457FF28A55A9200FAA033 /* XCRemoteSwiftPackageReference "Kingfisher" */ = {
			isa = XCRemoteSwiftPackageReference;
			repositoryURL = "https://github.com/onevcat/Kingfisher.git";
			requirement = {
				kind = upToNextMajorVersion;
				minimumVersion = 7.0.0;
			};
		};
		BC84580228A55ABB00FAA033 /* XCRemoteSwiftPackageReference "FeedKit" */ = {
			isa = XCRemoteSwiftPackageReference;
			repositoryURL = "https://github.com/nmdias/FeedKit.git";
			requirement = {
				kind = upToNextMajorVersion;
				minimumVersion = 9.0.0;
			};
		};
		BC84580828A55C2700FAA033 /* XCRemoteSwiftPackageReference "R.swift" */ = {
			isa = XCRemoteSwiftPackageReference;
			repositoryURL = "https://github.com/mac-cain13/R.swift.Library";
			requirement = {
				kind = upToNextMajorVersion;
				minimumVersion = 5.4.0;
			};
		};
/* End XCRemoteSwiftPackageReference section */

/* Begin XCSwiftPackageProductDependency section */
		BC84580D28A55F7D00FAA033 /* Kingfisher */ = {
			isa = XCSwiftPackageProductDependency;
			package = BC8457FF28A55A9200FAA033 /* XCRemoteSwiftPackageReference "Kingfisher" */;
			productName = Kingfisher;
		};
		BC84580F28A55F8100FAA033 /* FeedKit */ = {
			isa = XCSwiftPackageProductDependency;
			package = BC84580228A55ABB00FAA033 /* XCRemoteSwiftPackageReference "FeedKit" */;
			productName = FeedKit;
		};
		BC84581128A55F8500FAA033 /* Rswift */ = {
			isa = XCSwiftPackageProductDependency;
			package = BC84580828A55C2700FAA033 /* XCRemoteSwiftPackageReference "R.swift" */;
			productName = Rswift;
		};
/* End XCSwiftPackageProductDependency section */
	};
	rootObject = BC676A4C20261938009C527D /* Project object */;
}
