// !$*UTF8*$!
{
	archiveVersion = 1;
	classes = {
	};
	objectVersion = 48;
	objects = {

/* Begin PBXBuildFile section */
		BC676A5820261938009C527D /* AppDelegate.swift in Sources */ = {isa = PBXBuildFile; fileRef = BC676A5720261938009C527D /* AppDelegate.swift */; };
		BC676A5A20261938009C527D /* ViewController.swift in Sources */ = {isa = PBXBuildFile; fileRef = BC676A5920261938009C527D /* ViewController.swift */; };
		BC676A5D20261938009C527D /* Main.storyboard in Resources */ = {isa = PBXBuildFile; fileRef = BC676A5B20261938009C527D /* Main.storyboard */; };
		BC676A6220261938009C527D /* Assets.xcassets in Resources */ = {isa = PBXBuildFile; fileRef = BC676A6120261938009C527D /* Assets.xcassets */; };
		BC676A6520261938009C527D /* LaunchScreen.storyboard in Resources */ = {isa = PBXBuildFile; fileRef = BC676A6320261938009C527D /* LaunchScreen.storyboard */; };
		BCA5A75D2085BC0900F1703D /* FeedKit.framework in Frameworks */ = {isa = PBXBuildFile; fileRef = BCA5A75A2085BC0900F1703D /* FeedKit.framework */; };
		BCA5A75E2085BC0900F1703D /* Kingfisher.framework in Frameworks */ = {isa = PBXBuildFile; fileRef = BCA5A75B2085BC0900F1703D /* Kingfisher.framework */; };
		BCA5A75F2085BC0900F1703D /* FastEasyMapping.framework in Frameworks */ = {isa = PBXBuildFile; fileRef = BCA5A75C2085BC0900F1703D /* FastEasyMapping.framework */; };
/* End PBXBuildFile section */

/* Begin PBXFileReference section */
		BC676A5420261938009C527D /* RSSReaderSwift.app */ = {isa = PBXFileReference; explicitFileType = wrapper.application; includeInIndex = 0; path = RSSReaderSwift.app; sourceTree = BUILT_PRODUCTS_DIR; };
		BC676A5720261938009C527D /* AppDelegate.swift */ = {isa = PBXFileReference; lastKnownFileType = sourcecode.swift; path = AppDelegate.swift; sourceTree = "<group>"; };
		BC676A5920261938009C527D /* ViewController.swift */ = {isa = PBXFileReference; lastKnownFileType = sourcecode.swift; path = ViewController.swift; sourceTree = "<group>"; };
		BC676A5C20261938009C527D /* Base */ = {isa = PBXFileReference; lastKnownFileType = file.storyboard; name = Base; path = Base.lproj/Main.storyboard; sourceTree = "<group>"; };
		BC676A6120261938009C527D /* Assets.xcassets */ = {isa = PBXFileReference; lastKnownFileType = folder.assetcatalog; path = Assets.xcassets; sourceTree = "<group>"; };
		BC676A6420261938009C527D /* Base */ = {isa = PBXFileReference; lastKnownFileType = file.storyboard; name = Base; path = Base.lproj/LaunchScreen.storyboard; sourceTree = "<group>"; };
		BC676A6620261938009C527D /* Info.plist */ = {isa = PBXFileReference; lastKnownFileType = text.plist.xml; path = Info.plist; sourceTree = "<group>"; };
		BCA5A75A2085BC0900F1703D /* FeedKit.framework */ = {isa = PBXFileReference; lastKnownFileType = wrapper.framework; name = FeedKit.framework; path = Carthage/Build/iOS/FeedKit.framework; sourceTree = "<group>"; };
		BCA5A75B2085BC0900F1703D /* Kingfisher.framework */ = {isa = PBXFileReference; lastKnownFileType = wrapper.framework; name = Kingfisher.framework; path = Carthage/Build/iOS/Kingfisher.framework; sourceTree = "<group>"; };
		BCA5A75C2085BC0900F1703D /* FastEasyMapping.framework */ = {isa = PBXFileReference; lastKnownFileType = wrapper.framework; name = FastEasyMapping.framework; path = Carthage/Build/iOS/FastEasyMapping.framework; sourceTree = "<group>"; };
/* End PBXFileReference section */

/* Begin PBXFrameworksBuildPhase section */
		BC676A5120261938009C527D /* Frameworks */ = {
			isa = PBXFrameworksBuildPhase;
			buildActionMask = 2147483647;
			files = (
				BCA5A75D2085BC0900F1703D /* FeedKit.framework in Frameworks */,
				BCA5A75E2085BC0900F1703D /* Kingfisher.framework in Frameworks */,
				BCA5A75F2085BC0900F1703D /* FastEasyMapping.framework in Frameworks */,
			);
			runOnlyForDeploymentPostprocessing = 0;
		};
/* End PBXFrameworksBuildPhase section */

/* Begin PBXGroup section */
		BC676A4B20261938009C527D = {
			isa = PBXGroup;
			children = (
				BC676A5620261938009C527D /* RSSReaderSwift */,
				BC676A5520261938009C527D /* Products */,
				BCA5A7592085BC0800F1703D /* Frameworks */,
			);
			sourceTree = "<group>";
		};
		BC676A5520261938009C527D /* Products */ = {
			isa = PBXGroup;
			children = (
				BC676A5420261938009C527D /* RSSReaderSwift.app */,
			);
			name = Products;
			sourceTree = "<group>";
		};
		BC676A5620261938009C527D /* RSSReaderSwift */ = {
			isa = PBXGroup;
			children = (
				BC676A5720261938009C527D /* AppDelegate.swift */,
				BC676A8A2030898A009C527D /* Models */,
				BC676A8920308982009C527D /* ServiceLayer */,
				BC676A8820308972009C527D /* PresentationLayer */,
				BC676A8C203089DE009C527D /* Resources */,
			);
			path = RSSReaderSwift;
			sourceTree = "<group>";
		};
		BC676A8820308972009C527D /* PresentationLayer */ = {
			isa = PBXGroup;
			children = (
				BC676A6320261938009C527D /* LaunchScreen.storyboard */,
				BC676A5B20261938009C527D /* Main.storyboard */,
				BC676A5920261938009C527D /* ViewController.swift */,
			);
			path = PresentationLayer;
			sourceTree = "<group>";
		};
		BC676A8920308982009C527D /* ServiceLayer */ = {
			isa = PBXGroup;
			children = (
			);
			path = ServiceLayer;
			sourceTree = "<group>";
		};
		BC676A8A2030898A009C527D /* Models */ = {
			isa = PBXGroup;
			children = (
			);
			path = Models;
			sourceTree = "<group>";
		};
		BC676A8C203089DE009C527D /* Resources */ = {
			isa = PBXGroup;
			children = (
				BC676A6120261938009C527D /* Assets.xcassets */,
				BC676A6620261938009C527D /* Info.plist */,
			);
			path = Resources;
			sourceTree = "<group>";
		};
		BCA5A7592085BC0800F1703D /* Frameworks */ = {
			isa = PBXGroup;
			children = (
				BCA5A75C2085BC0900F1703D /* FastEasyMapping.framework */,
				BCA5A75A2085BC0900F1703D /* FeedKit.framework */,
				BCA5A75B2085BC0900F1703D /* Kingfisher.framework */,
			);
			name = Frameworks;
			sourceTree = "<group>";
		};
/* End PBXGroup section */

/* Begin PBXNativeTarget section */
		BC676A5320261938009C527D /* RSSReaderSwift */ = {
			isa = PBXNativeTarget;
			buildConfigurationList = BC676A7F20261938009C527D /* Build configuration list for PBXNativeTarget "RSSReaderSwift" */;
			buildPhases = (
				BC676A5020261938009C527D /* Sources */,
				BC676A5120261938009C527D /* Frameworks */,
				BC676A5220261938009C527D /* Resources */,
				BCA5A7602085FABB00F1703D /* ShellScript */,
			);
			buildRules = (
			);
			dependencies = (
			);
			name = RSSReaderSwift;
			productName = RSSReaderSwift;
			productReference = BC676A5420261938009C527D /* RSSReaderSwift.app */;
			productType = "com.apple.product-type.application";
		};
/* End PBXNativeTarget section */

/* Begin PBXProject section */
		BC676A4C20261938009C527D /* Project object */ = {
			isa = PBXProject;
			attributes = {
				LastSwiftUpdateCheck = 0920;
				LastUpgradeCheck = 0920;
				ORGANIZATIONNAME = vbat;
				TargetAttributes = {
					BC676A5320261938009C527D = {
						CreatedOnToolsVersion = 9.2;
						ProvisioningStyle = Automatic;
					};
				};
			};
			buildConfigurationList = BC676A4F20261938009C527D /* Build configuration list for PBXProject "RSSReaderSwift" */;
			compatibilityVersion = "Xcode 8.0";
			developmentRegion = en;
			hasScannedForEncodings = 0;
			knownRegions = (
				en,
				Base,
			);
			mainGroup = BC676A4B20261938009C527D;
			productRefGroup = BC676A5520261938009C527D /* Products */;
			projectDirPath = "";
			projectRoot = "";
			targets = (
				BC676A5320261938009C527D /* RSSReaderSwift */,
			);
		};
/* End PBXProject section */

/* Begin PBXResourcesBuildPhase section */
		BC676A5220261938009C527D /* Resources */ = {
			isa = PBXResourcesBuildPhase;
			buildActionMask = 2147483647;
			files = (
				BC676A6520261938009C527D /* LaunchScreen.storyboard in Resources */,
				BC676A6220261938009C527D /* Assets.xcassets in Resources */,
				BC676A5D20261938009C527D /* Main.storyboard in Resources */,
			);
			runOnlyForDeploymentPostprocessing = 0;
		};
/* End PBXResourcesBuildPhase section */

/* Begin PBXShellScriptBuildPhase section */
		BCA5A7602085FABB00F1703D /* ShellScript */ = {
			isa = PBXShellScriptBuildPhase;
			buildActionMask = 2147483647;
			files = (
			);
			inputPaths = (
				"$(SRCROOT)/Carthage/Build/iOS/FastEasyMapping.framework",
				"$(SRCROOT)/Carthage/Build/iOS/FeedKit.framework",
				"$(SRCROOT)/Carthage/Build/iOS/Kingfisher.framework",
			);
			outputPaths = (
			);
			runOnlyForDeploymentPostprocessing = 0;
			shellPath = /bin/sh;
			shellScript = "/usr/local/bin/carthage copy-frameworks";
		};
/* End PBXShellScriptBuildPhase section */

/* Begin PBXSourcesBuildPhase section */
		BC676A5020261938009C527D /* Sources */ = {
			isa = PBXSourcesBuildPhase;
			buildActionMask = 2147483647;
			files = (
				BC676A5A20261938009C527D /* ViewController.swift in Sources */,
				BC676A5820261938009C527D /* AppDelegate.swift in Sources */,
			);
			runOnlyForDeploymentPostprocessing = 0;
		};
/* End PBXSourcesBuildPhase section */

/* Begin PBXVariantGroup section */
		BC676A5B20261938009C527D /* Main.storyboard */ = {
			isa = PBXVariantGroup;
			children = (
				BC676A5C20261938009C527D /* Base */,
			);
			name = Main.storyboard;
			sourceTree = "<group>";
		};
		BC676A6320261938009C527D /* LaunchScreen.storyboard */ = {
			isa = PBXVariantGroup;
			children = (
				BC676A6420261938009C527D /* Base */,
			);
			name = LaunchScreen.storyboard;
			sourceTree = "<group>";
		};
/* End PBXVariantGroup section */

/* Begin XCBuildConfiguration section */
		BC676A7D20261938009C527D /* Debug */ = {
			isa = XCBuildConfiguration;
			buildSettings = {
				ALWAYS_SEARCH_USER_PATHS = NO;
				CLANG_ANALYZER_NONNULL = YES;
				CLANG_ANALYZER_NUMBER_OBJECT_CONVERSION = YES_AGGRESSIVE;
				CLANG_CXX_LANGUAGE_STANDARD = "gnu++14";
				CLANG_CXX_LIBRARY = "libc++";
				CLANG_ENABLE_MODULES = YES;
				CLANG_ENABLE_OBJC_ARC = YES;
				CLANG_WARN_BLOCK_CAPTURE_AUTORELEASING = YES;
				CLANG_WARN_BOOL_CONVERSION = YES;
				CLANG_WARN_COMMA = YES;
				CLANG_WARN_CONSTANT_CONVERSION = YES;
				CLANG_WARN_DIRECT_OBJC_ISA_USAGE = YES_ERROR;
				CLANG_WARN_DOCUMENTATION_COMMENTS = YES;
				CLANG_WARN_EMPTY_BODY = YES;
				CLANG_WARN_ENUM_CONVERSION = YES;
				CLANG_WARN_INFINITE_RECURSION = YES;
				CLANG_WARN_INT_CONVERSION = YES;
				CLANG_WARN_NON_LITERAL_NULL_CONVERSION = YES;
				CLANG_WARN_OBJC_LITERAL_CONVERSION = YES;
				CLANG_WARN_OBJC_ROOT_CLASS = YES_ERROR;
				CLANG_WARN_RANGE_LOOP_ANALYSIS = YES;
				CLANG_WARN_STRICT_PROTOTYPES = YES;
				CLANG_WARN_SUSPICIOUS_MOVE = YES;
				CLANG_WARN_UNGUARDED_AVAILABILITY = YES_AGGRESSIVE;
				CLANG_WARN_UNREACHABLE_CODE = YES;
				CLANG_WARN__DUPLICATE_METHOD_MATCH = YES;
				CODE_SIGN_IDENTITY = "iPhone Developer";
				COPY_PHASE_STRIP = NO;
				DEBUG_INFORMATION_FORMAT = dwarf;
				ENABLE_STRICT_OBJC_MSGSEND = YES;
				ENABLE_TESTABILITY = YES;
				GCC_C_LANGUAGE_STANDARD = gnu11;
				GCC_DYNAMIC_NO_PIC = NO;
				GCC_NO_COMMON_BLOCKS = YES;
				GCC_OPTIMIZATION_LEVEL = 0;
				GCC_PREPROCESSOR_DEFINITIONS = (
					"DEBUG=1",
					"$(inherited)",
				);
				GCC_WARN_64_TO_32_BIT_CONVERSION = YES;
				GCC_WARN_ABOUT_RETURN_TYPE = YES_ERROR;
				GCC_WARN_UNDECLARED_SELECTOR = YES;
				GCC_WARN_UNINITIALIZED_AUTOS = YES_AGGRESSIVE;
				GCC_WARN_UNUSED_FUNCTION = YES;
				GCC_WARN_UNUSED_VARIABLE = YES;
				IPHONEOS_DEPLOYMENT_TARGET = 8.0;
				MTL_ENABLE_DEBUG_INFO = YES;
				ONLY_ACTIVE_ARCH = YES;
				SDKROOT = iphoneos;
				SWIFT_ACTIVE_COMPILATION_CONDITIONS = DEBUG;
				SWIFT_OPTIMIZATION_LEVEL = "-Onone";
			};
			name = Debug;
		};
		BC676A7E20261938009C527D /* Release */ = {
			isa = XCBuildConfiguration;
			buildSettings = {
				ALWAYS_SEARCH_USER_PATHS = NO;
				CLANG_ANALYZER_NONNULL = YES;
				CLANG_ANALYZER_NUMBER_OBJECT_CONVERSION = YES_AGGRESSIVE;
				CLANG_CXX_LANGUAGE_STANDARD = "gnu++14";
				CLANG_CXX_LIBRARY = "libc++";
				CLANG_ENABLE_MODULES = YES;
				CLANG_ENABLE_OBJC_ARC = YES;
				CLANG_WARN_BLOCK_CAPTURE_AUTORELEASING = YES;
				CLANG_WARN_BOOL_CONVERSION = YES;
				CLANG_WARN_COMMA = YES;
				CLANG_WARN_CONSTANT_CONVERSION = YES;
				CLANG_WARN_DIRECT_OBJC_ISA_USAGE = YES_ERROR;
				CLANG_WARN_DOCUMENTATION_COMMENTS = YES;
				CLANG_WARN_EMPTY_BODY = YES;
				CLANG_WARN_ENUM_CONVERSION = YES;
				CLANG_WARN_INFINITE_RECURSION = YES;
				CLANG_WARN_INT_CONVERSION = YES;
				CLANG_WARN_NON_LITERAL_NULL_CONVERSION = YES;
				CLANG_WARN_OBJC_LITERAL_CONVERSION = YES;
				CLANG_WARN_OBJC_ROOT_CLASS = YES_ERROR;
				CLANG_WARN_RANGE_LOOP_ANALYSIS = YES;
				CLANG_WARN_STRICT_PROTOTYPES = YES;
				CLANG_WARN_SUSPICIOUS_MOVE = YES;
				CLANG_WARN_UNGUARDED_AVAILABILITY = YES_AGGRESSIVE;
				CLANG_WARN_UNREACHABLE_CODE = YES;
				CLANG_WARN__DUPLICATE_METHOD_MATCH = YES;
				CODE_SIGN_IDENTITY = "iPhone Developer";
				COPY_PHASE_STRIP = NO;
				DEBUG_INFORMATION_FORMAT = "dwarf-with-dsym";
				ENABLE_NS_ASSERTIONS = NO;
				ENABLE_STRICT_OBJC_MSGSEND = YES;
				GCC_C_LANGUAGE_STANDARD = gnu11;
				GCC_NO_COMMON_BLOCKS = YES;
				GCC_WARN_64_TO_32_BIT_CONVERSION = YES;
				GCC_WARN_ABOUT_RETURN_TYPE = YES_ERROR;
				GCC_WARN_UNDECLARED_SELECTOR = YES;
				GCC_WARN_UNINITIALIZED_AUTOS = YES_AGGRESSIVE;
				GCC_WARN_UNUSED_FUNCTION = YES;
				GCC_WARN_UNUSED_VARIABLE = YES;
				IPHONEOS_DEPLOYMENT_TARGET = 8.0;
				MTL_ENABLE_DEBUG_INFO = NO;
				SDKROOT = iphoneos;
				SWIFT_OPTIMIZATION_LEVEL = "-Owholemodule";
				VALIDATE_PRODUCT = YES;
			};
			name = Release;
		};
		BC676A8020261938009C527D /* Debug */ = {
			isa = XCBuildConfiguration;
			buildSettings = {
				ASSETCATALOG_COMPILER_APPICON_NAME = AppIcon;
				CODE_SIGN_STYLE = Automatic;
				FRAMEWORK_SEARCH_PATHS = (
					"$(inherited)",
					"$(PROJECT_DIR)/Carthage/Build/iOS",
				);
				INFOPLIST_FILE = "$(SRCROOT)/RSSReaderSwift/Resources/Info.plist";
				IPHONEOS_DEPLOYMENT_TARGET = 8.0;
				LD_RUNPATH_SEARCH_PATHS = "$(inherited) @executable_path/Frameworks";
				PRODUCT_BUNDLE_IDENTIFIER = vbat.RSSReaderSwift;
				PRODUCT_NAME = "$(TARGET_NAME)";
				SWIFT_VERSION = 4.0;
				TARGETED_DEVICE_FAMILY = "1,2";
			};
			name = Debug;
		};
		BC676A8120261938009C527D /* Release */ = {
			isa = XCBuildConfiguration;
			buildSettings = {
				ASSETCATALOG_COMPILER_APPICON_NAME = AppIcon;
				CODE_SIGN_STYLE = Automatic;
				FRAMEWORK_SEARCH_PATHS = (
					"$(inherited)",
					"$(PROJECT_DIR)/Carthage/Build/iOS",
				);
				INFOPLIST_FILE = "$(SRCROOT)/RSSReaderSwift/Resources/Info.plist";
				IPHONEOS_DEPLOYMENT_TARGET = 8.0;
				LD_RUNPATH_SEARCH_PATHS = "$(inherited) @executable_path/Frameworks";
				PRODUCT_BUNDLE_IDENTIFIER = vbat.RSSReaderSwift;
				PRODUCT_NAME = "$(TARGET_NAME)";
				SWIFT_VERSION = 4.0;
				TARGETED_DEVICE_FAMILY = "1,2";
			};
			name = Release;
		};
/* End XCBuildConfiguration section */

/* Begin XCConfigurationList section */
		BC676A4F20261938009C527D /* Build configuration list for PBXProject "RSSReaderSwift" */ = {
			isa = XCConfigurationList;
			buildConfigurations = (
				BC676A7D20261938009C527D /* Debug */,
				BC676A7E20261938009C527D /* Release */,
			);
			defaultConfigurationIsVisible = 0;
			defaultConfigurationName = Release;
		};
		BC676A7F20261938009C527D /* Build configuration list for PBXNativeTarget "RSSReaderSwift" */ = {
			isa = XCConfigurationList;
			buildConfigurations = (
				BC676A8020261938009C527D /* Debug */,
				BC676A8120261938009C527D /* Release */,
			);
			defaultConfigurationIsVisible = 0;
			defaultConfigurationName = Release;
		};
/* End XCConfigurationList section */
	};
	rootObject = BC676A4C20261938009C527D /* Project object */;
}
